{
  "object": {
    "pins": [
      {
        "package": "FlexColorPicker",
        "repositoryURL": "https://github.com/RastislavMirek/FlexColorPicker",
        "state": {
          "branch": null,
          "revision": "1e96de1abbc00b5ab108c738b22e4df53a4222b2",
          "version": "1.3.1"
        }
      },
      {
        "package": "Hero",
        "repositoryURL": "https://github.com/HeroTransitions/Hero",
        "state": {
          "branch": null,
          "revision": "ae951b89f23485de8a7b95aaa5cead7f78ab1df0",
          "version": "1.5.0"
        }
      }
    ]
  },
  "version": 1
}
